{
  "name": "chatbot-distributed-platform",
  "version": "1.0.0",
  "lockfileVersion": 3,
  "requires": true,
  "packages": {
    "": {
      "name": "chatbot-distributed-platform",
      "version": "1.0.0",
      "license": "UNLICENSED",
      "workspaces": [
        "apps/*",
        "packages/*"
      ],
      "devDependencies": {
        "concurrently": "^8.2.2",
        "prettier": "^3.2.5"
      }
    }
  }
}
